{
  "version": 4,
  "terraform_version": "1.0.6",
  "serial": 98,
  "lineage": "70fd4404-0f74-5fa9-e071-fcd51f02cd94",
  "outputs": {},
  "resources": [
    {
      "mode": "managed",
      "type": "docker_container",
      "name": "back_container",
      "provider": "provider[\"registry.terraform.io/kreuzwerker/docker\"]",
      "instances": [
        {
          "schema_version": 2,
          "attributes": {
            "attach": false,
            "bridge": "",
            "capabilities": [],
            "command": [
              "npm",
              "start"
            ],
            "container_logs": null,
            "cpu_set": "",
            "cpu_shares": 0,
            "destroy_grace_seconds": null,
            "devices": [],
            "dns": null,
            "dns_opts": null,
            "dns_search": null,
            "domainname": "",
            "entrypoint": [
              "docker-entrypoint.sh"
            ],
            "env": [
              "MONGO_HOST=mongo",
              "MONGO_PASSWORD=docker1234",
              "MONGO_USERNAME=api"
            ],
            "exit_code": null,
            "gateway": "172.22.0.1",
            "group_add": null,
            "healthcheck": null,
            "host": [],
            "hostname": "277c45524647",
            "id": "277c45524647cba07df47e1d7a9830f5f48408aaeaa5ee5f03be1378c744e5ca",
            "image": "sha256:06177e341268f036e9e5248e636b1082cebd1f98fcaef9e5e31e1056a6fe61a6",
            "init": false,
            "ip_address": "172.22.0.3",
            "ip_prefix_length": 16,
            "ipc_mode": "private",
            "labels": [],
            "links": null,
            "log_driver": "json-file",
            "log_opts": null,
            "logs": false,
            "max_retry_count": 0,
            "memory": 0,
            "memory_swap": 0,
            "mounts": [],
            "must_run": true,
            "name": "backend",
            "network_alias": null,
            "network_data": [
              {
                "gateway": "172.22.0.1",
                "global_ipv6_address": "",
                "global_ipv6_prefix_length": 0,
                "ip_address": "172.22.0.3",
                "ip_prefix_length": 16,
                "ipv6_gateway": "",
                "network_name": "server-net"
              }
            ],
            "network_mode": "default",
            "networks": null,
            "networks_advanced": [
              {
                "aliases": [],
                "ipv4_address": "",
                "ipv6_address": "",
                "name": "server-net"
              }
            ],
            "pid_mode": "",
            "ports": [
              {
                "external": 8080,
                "internal": 8080,
                "ip": "0.0.0.0",
                "protocol": "tcp"
              }
            ],
            "privileged": false,
            "publish_all_ports": false,
            "read_only": false,
            "remove_volumes": true,
            "restart": "no",
            "rm": false,
            "security_opts": [],
            "shm_size": 64,
            "start": true,
            "stdin_open": false,
            "sysctls": null,
            "tmpfs": null,
            "tty": false,
            "ulimit": [],
            "upload": [],
            "user": "",
            "userns_mode": "",
            "volumes": [
              {
                "container_path": "./MyProj-Backend:/usr/app",
                "from_container": "",
                "host_path": "",
                "read_only": null,
                "volume_name": ""
              }
            ],
            "working_dir": "/"
          },
          "sensitive_attributes": [],
          "private": "eyJzY2hlbWFfdmVyc2lvbiI6IjIifQ==",
          "dependencies": [
            "docker_image.back_image"
          ]
        }
      ]
    },
    {
      "mode": "managed",
      "type": "docker_container",
      "name": "front_container",
      "provider": "provider[\"registry.terraform.io/kreuzwerker/docker\"]",
      "instances": []
    },
    {
      "mode": "managed",
      "type": "docker_container",
      "name": "mongo",
      "provider": "provider[\"registry.terraform.io/kreuzwerker/docker\"]",
      "instances": [
        {
          "schema_version": 2,
          "attributes": {
            "attach": false,
            "bridge": "",
            "capabilities": [],
            "command": [
              "mongod"
            ],
            "container_logs": null,
            "cpu_set": "",
            "cpu_shares": 0,
            "destroy_grace_seconds": null,
            "devices": [],
            "dns": null,
            "dns_opts": null,
            "dns_search": null,
            "domainname": "",
            "entrypoint": [
              "docker-entrypoint.sh"
            ],
            "env": [
              "MONGO_INITDB_ROOT_PASSWORD=docker1234",
              "MONGO_INITDB_ROOT_USERNAME=api"
            ],
            "exit_code": null,
            "gateway": "172.22.0.1",
            "group_add": null,
            "healthcheck": null,
            "host": [],
            "hostname": "bd7761c3acb9",
            "id": "bd7761c3acb9b6306f1a8bcd07da1d6872cd4440c54cd0facd0d92184a7e2a43",
            "image": "sha256:0bcbeb494bed17f8d46fbf05569d7b9e079eb49010d2c098d914c1d04ca9f78f",
            "init": false,
            "ip_address": "172.22.0.2",
            "ip_prefix_length": 16,
            "ipc_mode": "private",
            "labels": [],
            "links": null,
            "log_driver": "json-file",
            "log_opts": null,
            "logs": false,
            "max_retry_count": 0,
            "memory": 0,
            "memory_swap": 0,
            "mounts": [],
            "must_run": true,
            "name": "mongodb",
            "network_alias": null,
            "network_data": [
              {
                "gateway": "172.22.0.1",
                "global_ipv6_address": "",
                "global_ipv6_prefix_length": 0,
                "ip_address": "172.22.0.2",
                "ip_prefix_length": 16,
                "ipv6_gateway": "",
                "network_name": "server-net"
              }
            ],
            "network_mode": "default",
            "networks": null,
            "networks_advanced": [
              {
                "aliases": [],
                "ipv4_address": "",
                "ipv6_address": "",
                "name": "server-net"
              }
            ],
            "pid_mode": "",
            "ports": [
              {
                "external": 27017,
                "internal": 27017,
                "ip": "0.0.0.0",
                "protocol": "tcp"
              }
            ],
            "privileged": false,
            "publish_all_ports": false,
            "read_only": false,
            "remove_volumes": true,
            "restart": "no",
            "rm": false,
            "security_opts": [],
            "shm_size": 64,
            "start": true,
            "stdin_open": false,
            "sysctls": null,
            "tmpfs": null,
            "tty": false,
            "ulimit": [],
            "upload": [],
            "user": "",
            "userns_mode": "",
            "volumes": [
              {
                "container_path": "./mongo/data:/data/db",
                "from_container": "",
                "host_path": "",
                "read_only": null,
                "volume_name": ""
              }
            ],
            "working_dir": ""
          },
          "sensitive_attributes": [],
          "private": "eyJzY2hlbWFfdmVyc2lvbiI6IjIifQ==",
          "dependencies": [
            "docker_image.mongo"
          ]
        }
      ]
    },
    {
      "mode": "managed",
      "type": "docker_image",
      "name": "back_image",
      "provider": "provider[\"registry.terraform.io/kreuzwerker/docker\"]",
      "instances": [
        {
          "schema_version": 0,
          "attributes": {
            "build": [
              {
                "build_arg": null,
                "dockerfile": "Dockerfile",
                "force_remove": null,
                "label": null,
                "no_cache": null,
                "path": "MyProj-Backend/",
                "remove": true,
                "tag": [],
                "target": ""
              }
            ],
            "force_remove": null,
            "id": "sha256:06177e341268f036e9e5248e636b1082cebd1f98fcaef9e5e31e1056a6fe61a6lov/nodeback",
            "keep_locally": false,
            "latest": "sha256:06177e341268f036e9e5248e636b1082cebd1f98fcaef9e5e31e1056a6fe61a6",
            "name": "lov/nodeback",
            "output": null,
            "pull_trigger": null,
            "pull_triggers": null,
            "repo_digest": ""
          },
          "sensitive_attributes": [],
          "private": "bnVsbA=="
        }
      ]
    },
    {
      "mode": "managed",
      "type": "docker_image",
      "name": "mongo",
      "provider": "provider[\"registry.terraform.io/kreuzwerker/docker\"]",
      "instances": [
        {
          "schema_version": 0,
          "attributes": {
            "build": [],
            "force_remove": null,
            "id": "sha256:0bcbeb494bed17f8d46fbf05569d7b9e079eb49010d2c098d914c1d04ca9f78fmongo",
            "keep_locally": true,
            "latest": "sha256:0bcbeb494bed17f8d46fbf05569d7b9e079eb49010d2c098d914c1d04ca9f78f",
            "name": "mongo",
            "output": null,
            "pull_trigger": null,
            "pull_triggers": null,
            "repo_digest": "mongo@sha256:58ea1bc09f269a9b85b7e1fae83b7505952aaa521afaaca4131f558955743842"
          },
          "sensitive_attributes": [],
          "private": "bnVsbA=="
        }
      ]
    },
    {
      "mode": "managed",
      "type": "docker_network",
      "name": "server-net",
      "provider": "provider[\"registry.terraform.io/kreuzwerker/docker\"]",
      "instances": [
        {
          "schema_version": 1,
          "attributes": {
            "attachable": false,
            "check_duplicate": null,
            "driver": "bridge",
            "id": "4eddea98f3035daf1b46c41e23fff7c5028fe7b35818ec0eb0eaefcf230d99a1",
            "ingress": false,
            "internal": false,
            "ipam_config": [
              {
                "aux_address": {},
                "gateway": "172.22.0.1",
                "ip_range": "",
                "subnet": "172.22.0.0/16"
              }
            ],
            "ipam_driver": "default",
            "ipv6": false,
            "labels": [],
            "name": "server-net",
            "options": {},
            "scope": "local"
          },
          "sensitive_attributes": [],
          "private": "eyJzY2hlbWFfdmVyc2lvbiI6IjEifQ=="
        }
      ]
    }
  ]
}
